Microsoft Visual Studio Solution File, Format Version 12.00
# Visual Studio Version 17
VisualStudioVersion = 17.5.2.0
MinimumVisualStudioVersion = 10.0.40219.1
Project("{FAE04EC0-301F-11D3-BF4B-00C04F79EFBC}") = "studiogestor", "studiogestor.csproj", "{8D2F71CA-7FA9-3058-467F-340B73646789}"
EndProject
Global
	GlobalSection(SolutionConfigurationPlatforms) = preSolution
		Debug|Any CPU = Debug|Any CPU
		Release|Any CPU = Release|Any CPU
	EndGlobalSection
	GlobalSection(ProjectConfigurationPlatforms) = postSolution
		{8D2F71CA-7FA9-3058-467F-340B73646789}.Debug|Any CPU.ActiveCfg = Debug|Any CPU
		{8D2F71CA-7FA9-3058-467F-340B73646789}.Debug|Any CPU.Build.0 = Debug|Any CPU
		{8D2F71CA-7FA9-3058-467F-340B73646789}.Release|Any CPU.ActiveCfg = Release|Any CPU
		{8D2F71CA-7FA9-3058-467F-340B73646789}.Release|Any CPU.Build.0 = Release|Any CPU
	EndGlobalSection
	GlobalSection(SolutionProperties) = preSolution
		HideSolutionNode = FALSE
	EndGlobalSection
	GlobalSection(ExtensibilityGlobals) = postSolution
		SolutionGuid = {2023B675-9413-4EAC-86C1-490CDEB6B579}
	EndGlobalSection
EndGlobal
